
Microsoft Visual Studio Solution File, Format Version 12.00
# Visual Studio Version 17
VisualStudioVersion = 17.11.35303.130
MinimumVisualStudioVersion = 10.0.40219.1
Project("{FAE04EC0-301F-11D3-BF4B-00C04F79EFBC}") = "ManagementCompany_Salchuk_Matyukhina_322", "ManagementCompany_Salchuk_Matyukhina_322\ManagementCompany_Salchuk_Matyukhina_322.csproj", "{70A9AF5D-9433-41B9-B1E2-DD55831BAB9B}"
EndProject
Global
	GlobalSection(SolutionConfigurationPlatforms) = preSolution
		Debug|Any CPU = Debug|Any CPU
		Release|Any CPU = Release|Any CPU
	EndGlobalSection
	GlobalSection(ProjectConfigurationPlatforms) = postSolution
		{70A9AF5D-9433-41B9-B1E2-DD55831BAB9B}.Debug|Any CPU.ActiveCfg = Debug|Any CPU
		{70A9AF5D-9433-41B9-B1E2-DD55831BAB9B}.Debug|Any CPU.Build.0 = Debug|Any CPU
		{70A9AF5D-9433-41B9-B1E2-DD55831BAB9B}.Release|Any CPU.ActiveCfg = Release|Any CPU
		{70A9AF5D-9433-41B9-B1E2-DD55831BAB9B}.Release|Any CPU.Build.0 = Release|Any CPU
	EndGlobalSection
	GlobalSection(SolutionProperties) = preSolution
		HideSolutionNode = FALSE
	EndGlobalSection
	GlobalSection(ExtensibilityGlobals) = postSolution
		SolutionGuid = {FB1FE6DB-8FD0-4861-87F1-F2C3FF35DB20}
	EndGlobalSection
EndGlobal
